// !$*UTF8*$!
{
	archiveVersion = 1;
	classes = {
	};
	objectVersion = 46;
	objects = {

/* Begin PBXBuildFile section */
		46EFDC971D347DE50042BFDC /* main.m in Sources */ = {isa = PBXBuildFile; fileRef = 46EFDC961D347DE50042BFDC /* main.m */; };
		46EFDC9A1D347DE50042BFDC /* AppDelegate.m in Sources */ = {isa = PBXBuildFile; fileRef = 46EFDC991D347DE50042BFDC /* AppDelegate.m */; };
		46EFDC9D1D347DE50042BFDC /* ViewController.m in Sources */ = {isa = PBXBuildFile; fileRef = 46EFDC9C1D347DE50042BFDC /* ViewController.m */; };
		46EFDCA01D347DE50042BFDC /* Main.storyboard in Resources */ = {isa = PBXBuildFile; fileRef = 46EFDC9E1D347DE50042BFDC /* Main.storyboard */; };
		46EFDCA21D347DE50042BFDC /* Assets.xcassets in Resources */ = {isa = PBXBuildFile; fileRef = 46EFDCA11D347DE50042BFDC /* Assets.xcassets */; };
		46EFDCA51D347DE50042BFDC /* LaunchScreen.storyboard in Resources */ = {isa = PBXBuildFile; fileRef = 46EFDCA31D347DE50042BFDC /* LaunchScreen.storyboard */; };
		46EFDCB01D347DE50042BFDC /* Alcolator2Tests.m in Sources */ = {isa = PBXBuildFile; fileRef = 46EFDCAF1D347DE50042BFDC /* Alcolator2Tests.m */; };
		46EFDCBB1D347DE50042BFDC /* Alcolator2UITests.m in Sources */ = {isa = PBXBuildFile; fileRef = 46EFDCBA1D347DE50042BFDC /* Alcolator2UITests.m */; };
/* End PBXBuildFile section */

/* Begin PBXContainerItemProxy section */
		46EFDCAC1D347DE50042BFDC /* PBXContainerItemProxy */ = {
			isa = PBXContainerItemProxy;
			containerPortal = 46EFDC8A1D347DE50042BFDC /* Project object */;
			proxyType = 1;
			remoteGlobalIDString = 46EFDC911D347DE50042BFDC;
			remoteInfo = Alcolator2;
		};
		46EFDCB71D347DE50042BFDC /* PBXContainerItemProxy */ = {
			isa = PBXContainerItemProxy;
			containerPortal = 46EFDC8A1D347DE50042BFDC /* Project object */;
			proxyType = 1;
			remoteGlobalIDString = 46EFDC911D347DE50042BFDC;
			remoteInfo = Alcolator2;
		};
/* End PBXContainerItemProxy section */

/* Begin PBXFileReference section */
		46EFDC921D347DE50042BFDC /* Alcolator2.app */ = {isa = PBXFileReference; explicitFileType = wrapper.application; includeInIndex = 0; path = Alcolator2.app; sourceTree = BUILT_PRODUCTS_DIR; };
		46EFDC961D347DE50042BFDC /* main.m */ = {isa = PBXFileReference; lastKnownFileType = sourcecode.c.objc; path = main.m; sourceTree = "<group>"; };
		46EFDC981D347DE50042BFDC /* AppDelegate.h */ = {isa = PBXFileReference; lastKnownFileType = sourcecode.c.h; path = AppDelegate.h; sourceTree = "<group>"; };
		46EFDC991D347DE50042BFDC /* AppDelegate.m */ = {isa = PBXFileReference; lastKnownFileType = sourcecode.c.objc; path = AppDelegate.m; sourceTree = "<group>"; };
		46EFDC9B1D347DE50042BFDC /* ViewController.h */ = {isa = PBXFileReference; lastKnownFileType = sourcecode.c.h; path = ViewController.h; sourceTree = "<group>"; };
		46EFDC9C1D347DE50042BFDC /* ViewController.m */ = {isa = PBXFileReference; lastKnownFileType = sourcecode.c.objc; path = ViewController.m; sourceTree = "<group>"; };
		46EFDC9F1D347DE50042BFDC /* Base */ = {isa = PBXFileReference; lastKnownFileType = file.storyboard; name = Base; path = Base.lproj/Main.storyboard; sourceTree = "<group>"; };
		46EFDCA11D347DE50042BFDC /* Assets.xcassets */ = {isa = PBXFileReference; lastKnownFileType = folder.assetcatalog; path = Assets.xcassets; sourceTree = "<group>"; };
		46EFDCA41D347DE50042BFDC /* Base */ = {isa = PBXFileReference; lastKnownFileType = file.storyboard; name = Base; path = Base.lproj/LaunchScreen.storyboard; sourceTree = "<group>"; };
		46EFDCA61D347DE50042BFDC /* Info.plist */ = {isa = PBXFileReference; lastKnownFileType = text.plist.xml; path = Info.plist; sourceTree = "<group>"; };
		46EFDCAB1D347DE50042BFDC /* Alcolator2Tests.xctest */ = {isa = PBXFileReference; explicitFileType = wrapper.cfbundle; includeInIndex = 0; path = Alcolator2Tests.xctest; sourceTree = BUILT_PRODUCTS_DIR; };
		46EFDCAF1D347DE50042BFDC /* Alcolator2Tests.m */ = {isa = PBXFileReference; lastKnownFileType = sourcecode.c.objc; path = Alcolator2Tests.m; sourceTree = "<group>"; };
		46EFDCB11D347DE50042BFDC /* Info.plist */ = {isa = PBXFileReference; lastKnownFileType = text.plist.xml; path = Info.plist; sourceTree = "<group>"; };
		46EFDCB61D347DE50042BFDC /* Alcolator2UITests.xctest */ = {isa = PBXFileReference; explicitFileType = wrapper.cfbundle; includeInIndex = 0; path = Alcolator2UITests.xctest; sourceTree = BUILT_PRODUCTS_DIR; };
		46EFDCBA1D347DE50042BFDC /* Alcolator2UITests.m */ = {isa = PBXFileReference; lastKnownFileType = sourcecode.c.objc; path = Alcolator2UITests.m; sourceTree = "<group>"; };
		46EFDCBC1D347DE50042BFDC /* Info.plist */ = {isa = PBXFileReference; lastKnownFileType = text.plist.xml; path = Info.plist; sourceTree = "<group>"; };
/* End PBXFileReference section */

/* Begin PBXFrameworksBuildPhase section */
		46EFDC8F1D347DE50042BFDC /* Frameworks */ = {
			isa = PBXFrameworksBuildPhase;
			buildActionMask = 2147483647;
			files = (
			);
			runOnlyForDeploymentPostprocessing = 0;
		};
		46EFDCA81D347DE50042BFDC /* Frameworks */ = {
			isa = PBXFrameworksBuildPhase;
			buildActionMask = 2147483647;
			files = (
			);
			runOnlyForDeploymentPostprocessing = 0;
		};
		46EFDCB31D347DE50042BFDC /* Frameworks */ = {
			isa = PBXFrameworksBuildPhase;
			buildActionMask = 2147483647;
			files = (
			);
			runOnlyForDeploymentPostprocessing = 0;
		};
/* End PBXFrameworksBuildPhase section */

/* Begin PBXGroup section */
		46EFDC891D347DE50042BFDC = {
			isa = PBXGroup;
			children = (
				46EFDC941D347DE50042BFDC /* Alcolator2 */,
				46EFDCAE1D347DE50042BFDC /* Alcolator2Tests */,
				46EFDCB91D347DE50042BFDC /* Alcolator2UITests */,
				46EFDC931D347DE50042BFDC /* Products */,
			);
			sourceTree = "<group>";
		};
		46EFDC931D347DE50042BFDC /* Products */ = {
			isa = PBXGroup;
			children = (
				46EFDC921D347DE50042BFDC /* Alcolator2.app */,
				46EFDCAB1D347DE50042BFDC /* Alcolator2Tests.xctest */,
				46EFDCB61D347DE50042BFDC /* Alcolator2UITests.xctest */,
			);
			name = Products;
			sourceTree = "<group>";
		};
		46EFDC941D347DE50042BFDC /* Alcolator2 */ = {
			isa = PBXGroup;
			children = (
				46EFDC981D347DE50042BFDC /* AppDelegate.h */,
				46EFDC991D347DE50042BFDC /* AppDelegate.m */,
				46EFDC9B1D347DE50042BFDC /* ViewController.h */,
				46EFDC9C1D347DE50042BFDC /* ViewController.m */,
				46EFDC9E1D347DE50042BFDC /* Main.storyboard */,
				46EFDCA11D347DE50042BFDC /* Assets.xcassets */,
				46EFDCA31D347DE50042BFDC /* LaunchScreen.storyboard */,
				46EFDCA61D347DE50042BFDC /* Info.plist */,
				46EFDC951D347DE50042BFDC /* Supporting Files */,
			);
			path = Alcolator2;
			sourceTree = "<group>";
		};
		46EFDC951D347DE50042BFDC /* Supporting Files */ = {
			isa = PBXGroup;
			children = (
				46EFDC961D347DE50042BFDC /* main.m */,
			);
			name = "Supporting Files";
			sourceTree = "<group>";
		};
		46EFDCAE1D347DE50042BFDC /* Alcolator2Tests */ = {
			isa = PBXGroup;
			children = (
				46EFDCAF1D347DE50042BFDC /* Alcolator2Tests.m */,
				46EFDCB11D347DE50042BFDC /* Info.plist */,
			);
			path = Alcolator2Tests;
			sourceTree = "<group>";
		};
		46EFDCB91D347DE50042BFDC /* Alcolator2UITests */ = {
			isa = PBXGroup;
			children = (
				46EFDCBA1D347DE50042BFDC /* Alcolator2UITests.m */,
				46EFDCBC1D347DE50042BFDC /* Info.plist */,
			);
			path = Alcolator2UITests;
			sourceTree = "<group>";
		};
/* End PBXGroup section */

/* Begin PBXNativeTarget section */
		46EFDC911D347DE50042BFDC /* Alcolator2 */ = {
			isa = PBXNativeTarget;
			buildConfigurationList = 46EFDCBF1D347DE50042BFDC /* Build configuration list for PBXNativeTarget "Alcolator2" */;
			buildPhases = (
				46EFDC8E1D347DE50042BFDC /* Sources */,
				46EFDC8F1D347DE50042BFDC /* Frameworks */,
				46EFDC901D347DE50042BFDC /* Resources */,
			);
			buildRules = (
			);
			dependencies = (
			);
			name = Alcolator2;
			productName = Alcolator2;
			productReference = 46EFDC921D347DE50042BFDC /* Alcolator2.app */;
			productType = "com.apple.product-type.application";
		};
		46EFDCAA1D347DE50042BFDC /* Alcolator2Tests */ = {
			isa = PBXNativeTarget;
			buildConfigurationList = 46EFDCC21D347DE50042BFDC /* Build configuration list for PBXNativeTarget "Alcolator2Tests" */;
			buildPhases = (
				46EFDCA71D347DE50042BFDC /* Sources */,
				46EFDCA81D347DE50042BFDC /* Frameworks */,
				46EFDCA91D347DE50042BFDC /* Resources */,
			);
			buildRules = (
			);
			dependencies = (
				46EFDCAD1D347DE50042BFDC /* PBXTargetDependency */,
			);
			name = Alcolator2Tests;
			productName = Alcolator2Tests;
			productReference = 46EFDCAB1D347DE50042BFDC /* Alcolator2Tests.xctest */;
			productType = "com.apple.product-type.bundle.unit-test";
		};
		46EFDCB51D347DE50042BFDC /* Alcolator2UITests */ = {
			isa = PBXNativeTarget;
			buildConfigurationList = 46EFDCC51D347DE50042BFDC /* Build configuration list for PBXNativeTarget "Alcolator2UITests" */;
			buildPhases = (
				46EFDCB21D347DE50042BFDC /* Sources */,
				46EFDCB31D347DE50042BFDC /* Frameworks */,
				46EFDCB41D347DE50042BFDC /* Resources */,
			);
			buildRules = (
			);
			dependencies = (
				46EFDCB81D347DE50042BFDC /* PBXTargetDependency */,
			);
			name = Alcolator2UITests;
			productName = Alcolator2UITests;
			productReference = 46EFDCB61D347DE50042BFDC /* Alcolator2UITests.xctest */;
			productType = "com.apple.product-type.bundle.ui-testing";
		};
/* End PBXNativeTarget section */

/* Begin PBXProject section */
		46EFDC8A1D347DE50042BFDC /* Project object */ = {
			isa = PBXProject;
			attributes = {
				LastUpgradeCheck = 0730;
				ORGANIZATIONNAME = "Kenneth Chou";
				TargetAttributes = {
					46EFDC911D347DE50042BFDC = {
						CreatedOnToolsVersion = 7.3.1;
					};
					46EFDCAA1D347DE50042BFDC = {
						CreatedOnToolsVersion = 7.3.1;
						TestTargetID = 46EFDC911D347DE50042BFDC;
					};
					46EFDCB51D347DE50042BFDC = {
						CreatedOnToolsVersion = 7.3.1;
						TestTargetID = 46EFDC911D347DE50042BFDC;
					};
				};
			};
			buildConfigurationList = 46EFDC8D1D347DE50042BFDC /* Build configuration list for PBXProject "Alcolator2" */;
			compatibilityVersion = "Xcode 3.2";
			developmentRegion = English;
			hasScannedForEncodings = 0;
			knownRegions = (
				en,
				Base,
			);
			mainGroup = 46EFDC891D347DE50042BFDC;
			productRefGroup = 46EFDC931D347DE50042BFDC /* Products */;
			projectDirPath = "";
			projectRoot = "";
			targets = (
				46EFDC911D347DE50042BFDC /* Alcolator2 */,
				46EFDCAA1D347DE50042BFDC /* Alcolator2Tests */,
				46EFDCB51D347DE50042BFDC /* Alcolator2UITests */,
			);
		};
/* End PBXProject section */

/* Begin PBXResourcesBuildPhase section */
		46EFDC901D347DE50042BFDC /* Resources */ = {
			isa = PBXResourcesBuildPhase;
			buildActionMask = 2147483647;
			files = (
				46EFDCA51D347DE50042BFDC /* LaunchScreen.storyboard in Resources */,
				46EFDCA21D347DE50042BFDC /* Assets.xcassets in Resources */,
				46EFDCA01D347DE50042BFDC /* Main.storyboard in Resources */,
			);
			runOnlyForDeploymentPostprocessing = 0;
		};
		46EFDCA91D347DE50042BFDC /* Resources */ = {
			isa = PBXResourcesBuildPhase;
			buildActionMask = 2147483647;
			files = (
			);
			runOnlyForDeploymentPostprocessing = 0;
		};
		46EFDCB41D347DE50042BFDC /* Resources */ = {
			isa = PBXResourcesBuildPhase;
			buildActionMask = 2147483647;
			files = (
			);
			runOnlyForDeploymentPostprocessing = 0;
		};
/* End PBXResourcesBuildPhase section */

/* Begin PBXSourcesBuildPhase section */
		46EFDC8E1D347DE50042BFDC /* Sources */ = {
			isa = PBXSourcesBuildPhase;
			buildActionMask = 2147483647;
			files = (
				46EFDC9D1D347DE50042BFDC /* ViewController.m in Sources */,
				46EFDC9A1D347DE50042BFDC /* AppDelegate.m in Sources */,
				46EFDC971D347DE50042BFDC /* main.m in Sources */,
			);
			runOnlyForDeploymentPostprocessing = 0;
		};
		46EFDCA71D347DE50042BFDC /* Sources */ = {
			isa = PBXSourcesBuildPhase;
			buildActionMask = 2147483647;
			files = (
				46EFDCB01D347DE50042BFDC /* Alcolator2Tests.m in Sources */,
			);
			runOnlyForDeploymentPostprocessing = 0;
		};
		46EFDCB21D347DE50042BFDC /* Sources */ = {
			isa = PBXSourcesBuildPhase;
			buildActionMask = 2147483647;
			files = (
				46EFDCBB1D347DE50042BFDC /* Alcolator2UITests.m in Sources */,
			);
			runOnlyForDeploymentPostprocessing = 0;
		};
/* End PBXSourcesBuildPhase section */

/* Begin PBXTargetDependency section */
		46EFDCAD1D347DE50042BFDC /* PBXTargetDependency */ = {
			isa = PBXTargetDependency;
			target = 46EFDC911D347DE50042BFDC /* Alcolator2 */;
			targetProxy = 46EFDCAC1D347DE50042BFDC /* PBXContainerItemProxy */;
		};
		46EFDCB81D347DE50042BFDC /* PBXTargetDependency */ = {
			isa = PBXTargetDependency;
			target = 46EFDC911D347DE50042BFDC /* Alcolator2 */;
			targetProxy = 46EFDCB71D347DE50042BFDC /* PBXContainerItemProxy */;
		};
/* End PBXTargetDependency section */

/* Begin PBXVariantGroup section */
		46EFDC9E1D347DE50042BFDC /* Main.storyboard */ = {
			isa = PBXVariantGroup;
			children = (
				46EFDC9F1D347DE50042BFDC /* Base */,
			);
			name = Main.storyboard;
			sourceTree = "<group>";
		};
		46EFDCA31D347DE50042BFDC /* LaunchScreen.storyboard */ = {
			isa = PBXVariantGroup;
			children = (
				46EFDCA41D347DE50042BFDC /* Base */,
			);
			name = LaunchScreen.storyboard;
			sourceTree = "<group>";
		};
/* End PBXVariantGroup section */

/* Begin XCBuildConfiguration section */
		46EFDCBD1D347DE50042BFDC /* Debug */ = {
			isa = XCBuildConfiguration;
			buildSettings = {
				ALWAYS_SEARCH_USER_PATHS = NO;
				CLANG_ANALYZER_NONNULL = YES;
				CLANG_CXX_LANGUAGE_STANDARD = "gnu++0x";
				CLANG_CXX_LIBRARY = "libc++";
				CLANG_ENABLE_MODULES = YES;
				CLANG_ENABLE_OBJC_ARC = YES;
				CLANG_WARN_BOOL_CONVERSION = YES;
				CLANG_WARN_CONSTANT_CONVERSION = YES;
				CLANG_WARN_DIRECT_OBJC_ISA_USAGE = YES_ERROR;
				CLANG_WARN_EMPTY_BODY = YES;
				CLANG_WARN_ENUM_CONVERSION = YES;
				CLANG_WARN_INT_CONVERSION = YES;
				CLANG_WARN_OBJC_ROOT_CLASS = YES_ERROR;
				CLANG_WARN_UNREACHABLE_CODE = YES;
				CLANG_WARN__DUPLICATE_METHOD_MATCH = YES;
				"CODE_SIGN_IDENTITY[sdk=iphoneos*]" = "iPhone Developer";
				COPY_PHASE_STRIP = NO;
				DEBUG_INFORMATION_FORMAT = dwarf;
				ENABLE_STRICT_OBJC_MSGSEND = YES;
				ENABLE_TESTABILITY = YES;
				GCC_C_LANGUAGE_STANDARD = gnu99;
				GCC_DYNAMIC_NO_PIC = NO;
				GCC_NO_COMMON_BLOCKS = YES;
				GCC_OPTIMIZATION_LEVEL = 0;
				GCC_PREPROCESSOR_DEFINITIONS = (
					"DEBUG=1",
					"$(inherited)",
				);
				GCC_WARN_64_TO_32_BIT_CONVERSION = YES;
				GCC_WARN_ABOUT_RETURN_TYPE = YES_ERROR;
				GCC_WARN_UNDECLARED_SELECTOR = YES;
				GCC_WARN_UNINITIALIZED_AUTOS = YES_AGGRESSIVE;
				GCC_WARN_UNUSED_FUNCTION = YES;
				GCC_WARN_UNUSED_VARIABLE = YES;
				IPHONEOS_DEPLOYMENT_TARGET = 9.3;
				MTL_ENABLE_DEBUG_INFO = YES;
				ONLY_ACTIVE_ARCH = YES;
				SDKROOT = iphoneos;
				TARGETED_DEVICE_FAMILY = "1,2";
			};
			name = Debug;
		};
		46EFDCBE1D347DE50042BFDC /* Release */ = {
			isa = XCBuildConfiguration;
			buildSettings = {
				ALWAYS_SEARCH_USER_PATHS = NO;
				CLANG_ANALYZER_NONNULL = YES;
				CLANG_CXX_LANGUAGE_STANDARD = "gnu++0x";
				CLANG_CXX_LIBRARY = "libc++";
				CLANG_ENABLE_MODULES = YES;
				CLANG_ENABLE_OBJC_ARC = YES;
				CLANG_WARN_BOOL_CONVERSION = YES;
				CLANG_WARN_CONSTANT_CONVERSION = YES;
				CLANG_WARN_DIRECT_OBJC_ISA_USAGE = YES_ERROR;
				CLANG_WARN_EMPTY_BODY = YES;
				CLANG_WARN_ENUM_CONVERSION = YES;
				CLANG_WARN_INT_CONVERSION = YES;
				CLANG_WARN_OBJC_ROOT_CLASS = YES_ERROR;
				CLANG_WARN_UNREACHABLE_CODE = YES;
				CLANG_WARN__DUPLICATE_METHOD_MATCH = YES;
				"CODE_SIGN_IDENTITY[sdk=iphoneos*]" = "iPhone Developer";
				COPY_PHASE_STRIP = NO;
				DEBUG_INFORMATION_FORMAT = "dwarf-with-dsym";
				ENABLE_NS_ASSERTIONS = NO;
				ENABLE_STRICT_OBJC_MSGSEND = YES;
				GCC_C_LANGUAGE_STANDARD = gnu99;
				GCC_NO_COMMON_BLOCKS = YES;
				GCC_WARN_64_TO_32_BIT_CONVERSION = YES;
				GCC_WARN_ABOUT_RETURN_TYPE = YES_ERROR;
				GCC_WARN_UNDECLARED_SELECTOR = YES;
				GCC_WARN_UNINITIALIZED_AUTOS = YES_AGGRESSIVE;
				GCC_WARN_UNUSED_FUNCTION = YES;
				GCC_WARN_UNUSED_VARIABLE = YES;
				IPHONEOS_DEPLOYMENT_TARGET = 9.3;
				MTL_ENABLE_DEBUG_INFO = NO;
				SDKROOT = iphoneos;
				TARGETED_DEVICE_FAMILY = "1,2";
				VALIDATE_PRODUCT = YES;
			};
			name = Release;
		};
		46EFDCC01D347DE50042BFDC /* Debug */ = {
			isa = XCBuildConfiguration;
			buildSettings = {
				ASSETCATALOG_COMPILER_APPICON_NAME = AppIcon;
				INFOPLIST_FILE = Alcolator2/Info.plist;
				LD_RUNPATH_SEARCH_PATHS = "$(inherited) @executable_path/Frameworks";
				PRODUCT_BUNDLE_IDENTIFIER = com.kennethchou83.Alcolator2;
				PRODUCT_NAME = "$(TARGET_NAME)";
			};
			name = Debug;
		};
		46EFDCC11D347DE50042BFDC /* Release */ = {
			isa = XCBuildConfiguration;
			buildSettings = {
				ASSETCATALOG_COMPILER_APPICON_NAME = AppIcon;
				INFOPLIST_FILE = Alcolator2/Info.plist;
				LD_RUNPATH_SEARCH_PATHS = "$(inherited) @executable_path/Frameworks";
				PRODUCT_BUNDLE_IDENTIFIER = com.kennethchou83.Alcolator2;
				PRODUCT_NAME = "$(TARGET_NAME)";
			};
			name = Release;
		};
		46EFDCC31D347DE50042BFDC /* Debug */ = {
			isa = XCBuildConfiguration;
			buildSettings = {
				BUNDLE_LOADER = "$(TEST_HOST)";
				INFOPLIST_FILE = Alcolator2Tests/Info.plist;
				LD_RUNPATH_SEARCH_PATHS = "$(inherited) @executable_path/Frameworks @loader_path/Frameworks";
				PRODUCT_BUNDLE_IDENTIFIER = com.kennethchou83.Alcolator2Tests;
				PRODUCT_NAME = "$(TARGET_NAME)";
				TEST_HOST = "$(BUILT_PRODUCTS_DIR)/Alcolator2.app/Alcolator2";
			};
			name = Debug;
		};
		46EFDCC41D347DE50042BFDC /* Release */ = {
			isa = XCBuildConfiguration;
			buildSettings = {
				BUNDLE_LOADER = "$(TEST_HOST)";
				INFOPLIST_FILE = Alcolator2Tests/Info.plist;
				LD_RUNPATH_SEARCH_PATHS = "$(inherited) @executable_path/Frameworks @loader_path/Frameworks";
				PRODUCT_BUNDLE_IDENTIFIER = com.kennethchou83.Alcolator2Tests;
				PRODUCT_NAME = "$(TARGET_NAME)";
				TEST_HOST = "$(BUILT_PRODUCTS_DIR)/Alcolator2.app/Alcolator2";
			};
			name = Release;
		};
		46EFDCC61D347DE50042BFDC /* Debug */ = {
			isa = XCBuildConfiguration;
			buildSettings = {
				INFOPLIST_FILE = Alcolator2UITests/Info.plist;
				LD_RUNPATH_SEARCH_PATHS = "$(inherited) @executable_path/Frameworks @loader_path/Frameworks";
				PRODUCT_BUNDLE_IDENTIFIER = com.kennethchou83.Alcolator2UITests;
				PRODUCT_NAME = "$(TARGET_NAME)";
				TEST_TARGET_NAME = Alcolator2;
			};
			name = Debug;
		};
		46EFDCC71D347DE50042BFDC /* Release */ = {
			isa = XCBuildConfiguration;
			buildSettings = {
				INFOPLIST_FILE = Alcolator2UITests/Info.plist;
				LD_RUNPATH_SEARCH_PATHS = "$(inherited) @executable_path/Frameworks @loader_path/Frameworks";
				PRODUCT_BUNDLE_IDENTIFIER = com.kennethchou83.Alcolator2UITests;
				PRODUCT_NAME = "$(TARGET_NAME)";
				TEST_TARGET_NAME = Alcolator2;
			};
			name = Release;
		};
/* End XCBuildConfiguration section */

/* Begin XCConfigurationList section */
		46EFDC8D1D347DE50042BFDC /* Build configuration list for PBXProject "Alcolator2" */ = {
			isa = XCConfigurationList;
			buildConfigurations = (
				46EFDCBD1D347DE50042BFDC /* Debug */,
				46EFDCBE1D347DE50042BFDC /* Release */,
			);
			defaultConfigurationIsVisible = 0;
			defaultConfigurationName = Release;
		};
		46EFDCBF1D347DE50042BFDC /* Build configuration list for PBXNativeTarget "Alcolator2" */ = {
			isa = XCConfigurationList;
			buildConfigurations = (
				46EFDCC01D347DE50042BFDC /* Debug */,
				46EFDCC11D347DE50042BFDC /* Release */,
			);
			defaultConfigurationIsVisible = 0;
		};
		46EFDCC21D347DE50042BFDC /* Build configuration list for PBXNativeTarget "Alcolator2Tests" */ = {
			isa = XCConfigurationList;
			buildConfigurations = (
				46EFDCC31D347DE50042BFDC /* Debug */,
				46EFDCC41D347DE50042BFDC /* Release */,
			);
			defaultConfigurationIsVisible = 0;
		};
		46EFDCC51D347DE50042BFDC /* Build configuration list for PBXNativeTarget "Alcolator2UITests" */ = {
			isa = XCConfigurationList;
			buildConfigurations = (
				46EFDCC61D347DE50042BFDC /* Debug */,
				46EFDCC71D347DE50042BFDC /* Release */,
			);
			defaultConfigurationIsVisible = 0;
		};
/* End XCConfigurationList section */
	};
	rootObject = 46EFDC8A1D347DE50042BFDC /* Project object */;
}
